github.com/aws/aws-sdk-go v1.13.16 h1:cnDTVVkpO9ls15KnYL/2KVUV4XnDN+pTRjc5fHrbMGc=
github.com/aws/aws-sdk-go v1.13.16/go.mod h1:ZRmQr0FajVIyZ4ZzBYKG5P3ZqPz9IHG41ZoMu1ADI3k=
github.com/davidbanham/required_env v0.0.0-20150902120453-a84628a4c244 h1:FgQ8KQ99RjcMqaTSqmdisj2quuDKlL1x62SoRtZQwqw=
github.com/davidbanham/required_env v0.0.0-20150902120453-a84628a4c244/go.mod h1:zJVA+kv43obXkwVzNtnVJK9rIUvzRtV+rSe1qXyf4xk=
github.com/go-ini/ini v1.33.0 h1:/0Y2X+/6jgfPYl2LOihvxikDfznXMufz0Zkr3mW+7Zg=
github.com/go-ini/ini v1.33.0/go.mod h1:ByCAeIL28uOIIG0E3PJtZPDL8WnHpFKFOtgjp+3Ies8=
github.com/jmespath/go-jmespath v0.0.0-20160202185014-0b12d6b521d8 h1:12VvqtR6Aowv3l/EQUlocDHW2Cp4G9WJVH7uyH8QFJE=
github.com/jmespath/go-jmespath v0.0.0-20160202185014-0b12d6b521d8/go.mod h1:Nht3zPeWKUH0NzdCt2Blrr5ys8VGpn0CEB0cQHVjt7k=
